
Microsoft Visual Studio Solution File, Format Version 12.00
# Visual Studio Version 17
VisualStudioVersion = 17.13.35825.156 d17.13
MinimumVisualStudioVersion = 10.0.40219.1
Project("{FAE04EC0-301F-11D3-BF4B-00C04F79EFBC}") = "PaymentAPI", "..\..\PaymentGatewayModule\PaymentAPI\PaymentAPI\PaymentAPI.csproj", "{69A584D7-F5B3-D896-BA22-6EFB8FCD3D7F}"
EndProject
Global
	GlobalSection(SolutionConfigurationPlatforms) = preSolution
		Debug|Any CPU = Debug|Any CPU
		Release|Any CPU = Release|Any CPU
	EndGlobalSection
	GlobalSection(ProjectConfigurationPlatforms) = postSolution
		{69A584D7-F5B3-D896-BA22-6EFB8FCD3D7F}.Debug|Any CPU.ActiveCfg = Debug|Any CPU
		{69A584D7-F5B3-D896-BA22-6EFB8FCD3D7F}.Debug|Any CPU.Build.0 = Debug|Any CPU
		{69A584D7-F5B3-D896-BA22-6EFB8FCD3D7F}.Release|Any CPU.ActiveCfg = Release|Any CPU
		{69A584D7-F5B3-D896-BA22-6EFB8FCD3D7F}.Release|Any CPU.Build.0 = Release|Any CPU
	EndGlobalSection
	GlobalSection(SolutionProperties) = preSolution
		HideSolutionNode = FALSE
	EndGlobalSection
	GlobalSection(ExtensibilityGlobals) = postSolution
		SolutionGuid = {33A14CF0-F6E3-4663-9015-8F9A677313AB}
	EndGlobalSection
EndGlobal
